// !$*UTF8*$!
{
	archiveVersion = 1;
	classes = {
	};
	objectVersion = 50;
	objects = {

/* Begin PBXBuildFile section */
		54D9169A26694E5700183A14 /* DrawingWithSwiftUIApp.swift in Sources */ = {isa = PBXBuildFile; fileRef = 54D9169926694E5700183A14 /* DrawingWithSwiftUIApp.swift */; };
		54D9169C26694E5700183A14 /* ContentView.swift in Sources */ = {isa = PBXBuildFile; fileRef = 54D9169B26694E5700183A14 /* ContentView.swift */; };
		54D9169E26694E5800183A14 /* Assets.xcassets in Resources */ = {isa = PBXBuildFile; fileRef = 54D9169D26694E5800183A14 /* Assets.xcassets */; };
		54D916A126694E5800183A14 /* Preview Assets.xcassets in Resources */ = {isa = PBXBuildFile; fileRef = 54D916A026694E5800183A14 /* Preview Assets.xcassets */; };
		54D916AA26694E9100183A14 /* DrawingDocModel.xcdatamodeld in Sources */ = {isa = PBXBuildFile; fileRef = 54D916A826694E9100183A14 /* DrawingDocModel.xcdatamodeld */; };
		54D916AE26694FF000183A14 /* DrawingDocument.swift in Sources */ = {isa = PBXBuildFile; fileRef = 54D916AD26694FF000183A14 /* DrawingDocument.swift */; };
		54D916B02669528700183A14 /* CoreDataManager.swift in Sources */ = {isa = PBXBuildFile; fileRef = 54D916AF2669528700183A14 /* CoreDataManager.swift */; };
		54D916B226695D2F00183A14 /* DrawingManager.swift in Sources */ = {isa = PBXBuildFile; fileRef = 54D916B126695D2F00183A14 /* DrawingManager.swift */; };
		54D916B52669641B00183A14 /* DrawingViewController.swift in Sources */ = {isa = PBXBuildFile; fileRef = 54D916B42669641B00183A14 /* DrawingViewController.swift */; };
		54D916B826696B8600183A14 /* DrawingWrapper.swift in Sources */ = {isa = PBXBuildFile; fileRef = 54D916B726696B8600183A14 /* DrawingWrapper.swift */; };
		54D916BA26696E4100183A14 /* AddNewDocument.swift in Sources */ = {isa = PBXBuildFile; fileRef = 54D916B926696E4100183A14 /* AddNewDocument.swift */; };
		54D916BC2669721A00183A14 /* PlaceholderView.swift in Sources */ = {isa = PBXBuildFile; fileRef = 54D916BB2669721A00183A14 /* PlaceholderView.swift */; };
/* End PBXBuildFile section */

/* Begin PBXFileReference section */
		54D9169626694E5700183A14 /* DrawingWithSwiftUI.app */ = {isa = PBXFileReference; explicitFileType = wrapper.application; includeInIndex = 0; path = DrawingWithSwiftUI.app; sourceTree = BUILT_PRODUCTS_DIR; };
		54D9169926694E5700183A14 /* DrawingWithSwiftUIApp.swift */ = {isa = PBXFileReference; lastKnownFileType = sourcecode.swift; path = DrawingWithSwiftUIApp.swift; sourceTree = "<group>"; };
		54D9169B26694E5700183A14 /* ContentView.swift */ = {isa = PBXFileReference; lastKnownFileType = sourcecode.swift; path = ContentView.swift; sourceTree = "<group>"; };
		54D9169D26694E5800183A14 /* Assets.xcassets */ = {isa = PBXFileReference; lastKnownFileType = folder.assetcatalog; path = Assets.xcassets; sourceTree = "<group>"; };
		54D916A026694E5800183A14 /* Preview Assets.xcassets */ = {isa = PBXFileReference; lastKnownFileType = folder.assetcatalog; path = "Preview Assets.xcassets"; sourceTree = "<group>"; };
		54D916A226694E5800183A14 /* Info.plist */ = {isa = PBXFileReference; lastKnownFileType = text.plist.xml; path = Info.plist; sourceTree = "<group>"; };
		54D916A926694E9100183A14 /* DrawingDocModel.xcdatamodel */ = {isa = PBXFileReference; lastKnownFileType = wrapper.xcdatamodel; path = DrawingDocModel.xcdatamodel; sourceTree = "<group>"; };
		54D916AD26694FF000183A14 /* DrawingDocument.swift */ = {isa = PBXFileReference; lastKnownFileType = sourcecode.swift; path = DrawingDocument.swift; sourceTree = "<group>"; };
		54D916AF2669528700183A14 /* CoreDataManager.swift */ = {isa = PBXFileReference; lastKnownFileType = sourcecode.swift; path = CoreDataManager.swift; sourceTree = "<group>"; };
		54D916B126695D2F00183A14 /* DrawingManager.swift */ = {isa = PBXFileReference; lastKnownFileType = sourcecode.swift; path = DrawingManager.swift; sourceTree = "<group>"; };
		54D916B42669641B00183A14 /* DrawingViewController.swift */ = {isa = PBXFileReference; lastKnownFileType = sourcecode.swift; path = DrawingViewController.swift; sourceTree = "<group>"; };
		54D916B726696B8600183A14 /* DrawingWrapper.swift */ = {isa = PBXFileReference; lastKnownFileType = sourcecode.swift; path = DrawingWrapper.swift; sourceTree = "<group>"; };
		54D916B926696E4100183A14 /* AddNewDocument.swift */ = {isa = PBXFileReference; lastKnownFileType = sourcecode.swift; path = AddNewDocument.swift; sourceTree = "<group>"; };
		54D916BB2669721A00183A14 /* PlaceholderView.swift */ = {isa = PBXFileReference; lastKnownFileType = sourcecode.swift; path = PlaceholderView.swift; sourceTree = "<group>"; };
		54D916BD266991E700183A14 /* DrawingWithSwiftUI.entitlements */ = {isa = PBXFileReference; lastKnownFileType = text.plist.entitlements; path = DrawingWithSwiftUI.entitlements; sourceTree = "<group>"; };
/* End PBXFileReference section */

/* Begin PBXFrameworksBuildPhase section */
		54D9169326694E5700183A14 /* Frameworks */ = {
			isa = PBXFrameworksBuildPhase;
			buildActionMask = 2147483647;
			files = (
			);
			runOnlyForDeploymentPostprocessing = 0;
		};
/* End PBXFrameworksBuildPhase section */

/* Begin PBXGroup section */
		54D9168D26694E5700183A14 = {
			isa = PBXGroup;
			children = (
				54D9169826694E5700183A14 /* DrawingWithSwiftUI */,
				54D9169726694E5700183A14 /* Products */,
			);
			sourceTree = "<group>";
		};
		54D9169726694E5700183A14 /* Products */ = {
			isa = PBXGroup;
			children = (
				54D9169626694E5700183A14 /* DrawingWithSwiftUI.app */,
			);
			name = Products;
			sourceTree = "<group>";
		};
		54D9169826694E5700183A14 /* DrawingWithSwiftUI */ = {
			isa = PBXGroup;
			children = (
				54D916BD266991E700183A14 /* DrawingWithSwiftUI.entitlements */,
				54D916B626696B7500183A14 /* View */,
				54D916B3266963FA00183A14 /* ViewControllers */,
				54D916AC26694FDF00183A14 /* DataManager */,
				54D916AB26694FDA00183A14 /* Model */,
				54D9169926694E5700183A14 /* DrawingWithSwiftUIApp.swift */,
				54D9169D26694E5800183A14 /* Assets.xcassets */,
				54D916A226694E5800183A14 /* Info.plist */,
				54D9169F26694E5800183A14 /* Preview Content */,
				54D916A826694E9100183A14 /* DrawingDocModel.xcdatamodeld */,
			);
			path = DrawingWithSwiftUI;
			sourceTree = "<group>";
		};
		54D9169F26694E5800183A14 /* Preview Content */ = {
			isa = PBXGroup;
			children = (
				54D916A026694E5800183A14 /* Preview Assets.xcassets */,
			);
			path = "Preview Content";
			sourceTree = "<group>";
		};
		54D916AB26694FDA00183A14 /* Model */ = {
			isa = PBXGroup;
			children = (
				54D916AD26694FF000183A14 /* DrawingDocument.swift */,
			);
			path = Model;
			sourceTree = "<group>";
		};
		54D916AC26694FDF00183A14 /* DataManager */ = {
			isa = PBXGroup;
			children = (
				54D916AF2669528700183A14 /* CoreDataManager.swift */,
				54D916B126695D2F00183A14 /* DrawingManager.swift */,
			);
			path = DataManager;
			sourceTree = "<group>";
		};
		54D916B3266963FA00183A14 /* ViewControllers */ = {
			isa = PBXGroup;
			children = (
				54D916B42669641B00183A14 /* DrawingViewController.swift */,
			);
			path = ViewControllers;
			sourceTree = "<group>";
		};
		54D916B626696B7500183A14 /* View */ = {
			isa = PBXGroup;
			children = (
				54D916B726696B8600183A14 /* DrawingWrapper.swift */,
				54D916B926696E4100183A14 /* AddNewDocument.swift */,
				54D916BB2669721A00183A14 /* PlaceholderView.swift */,
				54D9169B26694E5700183A14 /* ContentView.swift */,
			);
			path = View;
			sourceTree = "<group>";
		};
/* End PBXGroup section */

/* Begin PBXNativeTarget section */
		54D9169526694E5700183A14 /* DrawingWithSwiftUI */ = {
			isa = PBXNativeTarget;
			buildConfigurationList = 54D916A526694E5800183A14 /* Build configuration list for PBXNativeTarget "DrawingWithSwiftUI" */;
			buildPhases = (
				54D9169226694E5700183A14 /* Sources */,
				54D9169326694E5700183A14 /* Frameworks */,
				54D9169426694E5700183A14 /* Resources */,
			);
			buildRules = (
			);
			dependencies = (
			);
			name = DrawingWithSwiftUI;
			productName = DrawingWithSwiftUI;
			productReference = 54D9169626694E5700183A14 /* DrawingWithSwiftUI.app */;
			productType = "com.apple.product-type.application";
		};
/* End PBXNativeTarget section */

/* Begin PBXProject section */
		54D9168E26694E5700183A14 /* Project object */ = {
			isa = PBXProject;
			attributes = {
				LastSwiftUpdateCheck = 1250;
				LastUpgradeCheck = 1250;
				TargetAttributes = {
					54D9169526694E5700183A14 = {
						CreatedOnToolsVersion = 12.5;
					};
				};
			};
			buildConfigurationList = 54D9169126694E5700183A14 /* Build configuration list for PBXProject "DrawingWithSwiftUI" */;
			compatibilityVersion = "Xcode 9.3";
			developmentRegion = en;
			hasScannedForEncodings = 0;
			knownRegions = (
				en,
				Base,
			);
			mainGroup = 54D9168D26694E5700183A14;
			productRefGroup = 54D9169726694E5700183A14 /* Products */;
			projectDirPath = "";
			projectRoot = "";
			targets = (
				54D9169526694E5700183A14 /* DrawingWithSwiftUI */,
			);
		};
/* End PBXProject section */

/* Begin PBXResourcesBuildPhase section */
		54D9169426694E5700183A14 /* Resources */ = {
			isa = PBXResourcesBuildPhase;
			buildActionMask = 2147483647;
			files = (
				54D916A126694E5800183A14 /* Preview Assets.xcassets in Resources */,
				54D9169E26694E5800183A14 /* Assets.xcassets in Resources */,
			);
			runOnlyForDeploymentPostprocessing = 0;
		};
/* End PBXResourcesBuildPhase section */

/* Begin PBXSourcesBuildPhase section */
		54D9169226694E5700183A14 /* Sources */ = {
			isa = PBXSourcesBuildPhase;
			buildActionMask = 2147483647;
			files = (
				54D9169C26694E5700183A14 /* ContentView.swift in Sources */,
				54D916AA26694E9100183A14 /* DrawingDocModel.xcdatamodeld in Sources */,
				54D9169A26694E5700183A14 /* DrawingWithSwiftUIApp.swift in Sources */,
				54D916BA26696E4100183A14 /* AddNewDocument.swift in Sources */,
				54D916B52669641B00183A14 /* DrawingViewController.swift in Sources */,
				54D916B826696B8600183A14 /* DrawingWrapper.swift in Sources */,
				54D916B02669528700183A14 /* CoreDataManager.swift in Sources */,
				54D916B226695D2F00183A14 /* DrawingManager.swift in Sources */,
				54D916BC2669721A00183A14 /* PlaceholderView.swift in Sources */,
				54D916AE26694FF000183A14 /* DrawingDocument.swift in Sources */,
			);
			runOnlyForDeploymentPostprocessing = 0;
		};
/* End PBXSourcesBuildPhase section */

/* Begin XCBuildConfiguration section */
		54D916A326694E5800183A14 /* Debug */ = {
			isa = XCBuildConfiguration;
			buildSettings = {
				ALWAYS_SEARCH_USER_PATHS = NO;
				CLANG_ANALYZER_NONNULL = YES;
				CLANG_ANALYZER_NUMBER_OBJECT_CONVERSION = YES_AGGRESSIVE;
				CLANG_CXX_LANGUAGE_STANDARD = "gnu++14";
				CLANG_CXX_LIBRARY = "libc++";
				CLANG_ENABLE_MODULES = YES;
				CLANG_ENABLE_OBJC_ARC = YES;
				CLANG_ENABLE_OBJC_WEAK = YES;
				CLANG_WARN_BLOCK_CAPTURE_AUTORELEASING = YES;
				CLANG_WARN_BOOL_CONVERSION = YES;
				CLANG_WARN_COMMA = YES;
				CLANG_WARN_CONSTANT_CONVERSION = YES;
				CLANG_WARN_DEPRECATED_OBJC_IMPLEMENTATIONS = YES;
				CLANG_WARN_DIRECT_OBJC_ISA_USAGE = YES_ERROR;
				CLANG_WARN_DOCUMENTATION_COMMENTS = YES;
				CLANG_WARN_EMPTY_BODY = YES;
				CLANG_WARN_ENUM_CONVERSION = YES;
				CLANG_WARN_INFINITE_RECURSION = YES;
				CLANG_WARN_INT_CONVERSION = YES;
				CLANG_WARN_NON_LITERAL_NULL_CONVERSION = YES;
				CLANG_WARN_OBJC_IMPLICIT_RETAIN_SELF = YES;
				CLANG_WARN_OBJC_LITERAL_CONVERSION = YES;
				CLANG_WARN_OBJC_ROOT_CLASS = YES_ERROR;
				CLANG_WARN_QUOTED_INCLUDE_IN_FRAMEWORK_HEADER = YES;
				CLANG_WARN_RANGE_LOOP_ANALYSIS = YES;
				CLANG_WARN_STRICT_PROTOTYPES = YES;
				CLANG_WARN_SUSPICIOUS_MOVE = YES;
				CLANG_WARN_UNGUARDED_AVAILABILITY = YES_AGGRESSIVE;
				CLANG_WARN_UNREACHABLE_CODE = YES;
				CLANG_WARN__DUPLICATE_METHOD_MATCH = YES;
				COPY_PHASE_STRIP = NO;
				DEBUG_INFORMATION_FORMAT = dwarf;
				ENABLE_STRICT_OBJC_MSGSEND = YES;
				ENABLE_TESTABILITY = YES;
				GCC_C_LANGUAGE_STANDARD = gnu11;
				GCC_DYNAMIC_NO_PIC = NO;
				GCC_NO_COMMON_BLOCKS = YES;
				GCC_OPTIMIZATION_LEVEL = 0;
				GCC_PREPROCESSOR_DEFINITIONS = (
					"DEBUG=1",
					"$(inherited)",
				);
				GCC_WARN_64_TO_32_BIT_CONVERSION = YES;
				GCC_WARN_ABOUT_RETURN_TYPE = YES_ERROR;
				GCC_WARN_UNDECLARED_SELECTOR = YES;
				GCC_WARN_UNINITIALIZED_AUTOS = YES_AGGRESSIVE;
				GCC_WARN_UNUSED_FUNCTION = YES;
				GCC_WARN_UNUSED_VARIABLE = YES;
				IPHONEOS_DEPLOYMENT_TARGET = 14.5;
				MTL_ENABLE_DEBUG_INFO = INCLUDE_SOURCE;
				MTL_FAST_MATH = YES;
				ONLY_ACTIVE_ARCH = YES;
				SDKROOT = iphoneos;
				SWIFT_ACTIVE_COMPILATION_CONDITIONS = DEBUG;
				SWIFT_OPTIMIZATION_LEVEL = "-Onone";
			};
			name = Debug;
		};
		54D916A426694E5800183A14 /* Release */ = {
			isa = XCBuildConfiguration;
			buildSettings = {
				ALWAYS_SEARCH_USER_PATHS = NO;
				CLANG_ANALYZER_NONNULL = YES;
				CLANG_ANALYZER_NUMBER_OBJECT_CONVERSION = YES_AGGRESSIVE;
				CLANG_CXX_LANGUAGE_STANDARD = "gnu++14";
				CLANG_CXX_LIBRARY = "libc++";
				CLANG_ENABLE_MODULES = YES;
				CLANG_ENABLE_OBJC_ARC = YES;
				CLANG_ENABLE_OBJC_WEAK = YES;
				CLANG_WARN_BLOCK_CAPTURE_AUTORELEASING = YES;
				CLANG_WARN_BOOL_CONVERSION = YES;
				CLANG_WARN_COMMA = YES;
				CLANG_WARN_CONSTANT_CONVERSION = YES;
				CLANG_WARN_DEPRECATED_OBJC_IMPLEMENTATIONS = YES;
				CLANG_WARN_DIRECT_OBJC_ISA_USAGE = YES_ERROR;
				CLANG_WARN_DOCUMENTATION_COMMENTS = YES;
				CLANG_WARN_EMPTY_BODY = YES;
				CLANG_WARN_ENUM_CONVERSION = YES;
				CLANG_WARN_INFINITE_RECURSION = YES;
				CLANG_WARN_INT_CONVERSION = YES;
				CLANG_WARN_NON_LITERAL_NULL_CONVERSION = YES;
				CLANG_WARN_OBJC_IMPLICIT_RETAIN_SELF = YES;
				CLANG_WARN_OBJC_LITERAL_CONVERSION = YES;
				CLANG_WARN_OBJC_ROOT_CLASS = YES_ERROR;
				CLANG_WARN_QUOTED_INCLUDE_IN_FRAMEWORK_HEADER = YES;
				CLANG_WARN_RANGE_LOOP_ANALYSIS = YES;
				CLANG_WARN_STRICT_PROTOTYPES = YES;
				CLANG_WARN_SUSPICIOUS_MOVE = YES;
				CLANG_WARN_UNGUARDED_AVAILABILITY = YES_AGGRESSIVE;
				CLANG_WARN_UNREACHABLE_CODE = YES;
				CLANG_WARN__DUPLICATE_METHOD_MATCH = YES;
				COPY_PHASE_STRIP = NO;
				DEBUG_INFORMATION_FORMAT = "dwarf-with-dsym";
				ENABLE_NS_ASSERTIONS = NO;
				ENABLE_STRICT_OBJC_MSGSEND = YES;
				GCC_C_LANGUAGE_STANDARD = gnu11;
				GCC_NO_COMMON_BLOCKS = YES;
				GCC_WARN_64_TO_32_BIT_CONVERSION = YES;
				GCC_WARN_ABOUT_RETURN_TYPE = YES_ERROR;
				GCC_WARN_UNDECLARED_SELECTOR = YES;
				GCC_WARN_UNINITIALIZED_AUTOS = YES_AGGRESSIVE;
				GCC_WARN_UNUSED_FUNCTION = YES;
				GCC_WARN_UNUSED_VARIABLE = YES;
				IPHONEOS_DEPLOYMENT_TARGET = 14.5;
				MTL_ENABLE_DEBUG_INFO = NO;
				MTL_FAST_MATH = YES;
				SDKROOT = iphoneos;
				SWIFT_COMPILATION_MODE = wholemodule;
				SWIFT_OPTIMIZATION_LEVEL = "-O";
				VALIDATE_PRODUCT = YES;
			};
			name = Release;
		};
		54D916A626694E5800183A14 /* Debug */ = {
			isa = XCBuildConfiguration;
			buildSettings = {
				ASSETCATALOG_COMPILER_APPICON_NAME = AppIcon;
				ASSETCATALOG_COMPILER_GLOBAL_ACCENT_COLOR_NAME = AccentColor;
				CODE_SIGN_ENTITLEMENTS = DrawingWithSwiftUI/DrawingWithSwiftUI.entitlements;
				CODE_SIGN_STYLE = Automatic;
				DEVELOPMENT_ASSET_PATHS = "\"DrawingWithSwiftUI/Preview Content\"";
				DEVELOPMENT_TEAM = 37TC2VKVJ6;
				ENABLE_PREVIEWS = YES;
				INFOPLIST_FILE = DrawingWithSwiftUI/Info.plist;
				IPHONEOS_DEPLOYMENT_TARGET = 14.1;
				LD_RUNPATH_SEARCH_PATHS = (
					"$(inherited)",
					"@executable_path/Frameworks",
				);
				PRODUCT_BUNDLE_IDENTIFIER = com.orion.DrawingWithSwiftUI;
				PRODUCT_NAME = "$(TARGET_NAME)";
				SWIFT_VERSION = 5.0;
				TARGETED_DEVICE_FAMILY = "1,2";
			};
			name = Debug;
		};
		54D916A726694E5800183A14 /* Release */ = {
			isa = XCBuildConfiguration;
			buildSettings = {
				ASSETCATALOG_COMPILER_APPICON_NAME = AppIcon;
				ASSETCATALOG_COMPILER_GLOBAL_ACCENT_COLOR_NAME = AccentColor;
				CODE_SIGN_ENTITLEMENTS = DrawingWithSwiftUI/DrawingWithSwiftUI.entitlements;
				CODE_SIGN_STYLE = Automatic;
				DEVELOPMENT_ASSET_PATHS = "\"DrawingWithSwiftUI/Preview Content\"";
				DEVELOPMENT_TEAM = 37TC2VKVJ6;
				ENABLE_PREVIEWS = YES;
				INFOPLIST_FILE = DrawingWithSwiftUI/Info.plist;
				IPHONEOS_DEPLOYMENT_TARGET = 14.1;
				LD_RUNPATH_SEARCH_PATHS = (
					"$(inherited)",
					"@executable_path/Frameworks",
				);
				PRODUCT_BUNDLE_IDENTIFIER = com.orion.DrawingWithSwiftUI;
				PRODUCT_NAME = "$(TARGET_NAME)";
				SWIFT_VERSION = 5.0;
				TARGETED_DEVICE_FAMILY = "1,2";
			};
			name = Release;
		};
/* End XCBuildConfiguration section */

/* Begin XCConfigurationList section */
		54D9169126694E5700183A14 /* Build configuration list for PBXProject "DrawingWithSwiftUI" */ = {
			isa = XCConfigurationList;
			buildConfigurations = (
				54D916A326694E5800183A14 /* Debug */,
				54D916A426694E5800183A14 /* Release */,
			);
			defaultConfigurationIsVisible = 0;
			defaultConfigurationName = Release;
		};
		54D916A526694E5800183A14 /* Build configuration list for PBXNativeTarget "DrawingWithSwiftUI" */ = {
			isa = XCConfigurationList;
			buildConfigurations = (
				54D916A626694E5800183A14 /* Debug */,
				54D916A726694E5800183A14 /* Release */,
			);
			defaultConfigurationIsVisible = 0;
			defaultConfigurationName = Release;
		};
/* End XCConfigurationList section */

/* Begin XCVersionGroup section */
		54D916A826694E9100183A14 /* DrawingDocModel.xcdatamodeld */ = {
			isa = XCVersionGroup;
			children = (
				54D916A926694E9100183A14 /* DrawingDocModel.xcdatamodel */,
			);
			currentVersion = 54D916A926694E9100183A14 /* DrawingDocModel.xcdatamodel */;
			path = DrawingDocModel.xcdatamodeld;
			sourceTree = "<group>";
			versionGroupType = wrapper.xcdatamodel;
		};
/* End XCVersionGroup section */
	};
	rootObject = 54D9168E26694E5700183A14 /* Project object */;
}
